// !$*UTF8*$!
{
	archiveVersion = 1;
	classes = {
	};
	objectVersion = 46;
	objects = {

/* Begin PBXBuildFile section */
		1D5436F11E9B147100540D75 /* main.m in Sources */ = {isa = PBXBuildFile; fileRef = 1D5436F01E9B147100540D75 /* main.m */; };
		1D5436F41E9B147100540D75 /* AppDelegate.m in Sources */ = {isa = PBXBuildFile; fileRef = 1D5436F31E9B147100540D75 /* AppDelegate.m */; };
		1D5436F71E9B147100540D75 /* ViewController.m in Sources */ = {isa = PBXBuildFile; fileRef = 1D5436F61E9B147100540D75 /* ViewController.m */; };
		1D5436FA1E9B147100540D75 /* Main.storyboard in Resources */ = {isa = PBXBuildFile; fileRef = 1D5436F81E9B147100540D75 /* Main.storyboard */; };
		1D5436FC1E9B147100540D75 /* Assets.xcassets in Resources */ = {isa = PBXBuildFile; fileRef = 1D5436FB1E9B147100540D75 /* Assets.xcassets */; };
		1D5436FF1E9B147100540D75 /* LaunchScreen.storyboard in Resources */ = {isa = PBXBuildFile; fileRef = 1D5436FD1E9B147100540D75 /* LaunchScreen.storyboard */; };
		1D54370A1E9B147100540D75 /* CoreData_testTests.m in Sources */ = {isa = PBXBuildFile; fileRef = 1D5437091E9B147100540D75 /* CoreData_testTests.m */; };
		1D5437151E9B147100540D75 /* CoreData_testUITests.m in Sources */ = {isa = PBXBuildFile; fileRef = 1D5437141E9B147100540D75 /* CoreData_testUITests.m */; };
/* End PBXBuildFile section */

/* Begin PBXContainerItemProxy section */
		1D5437061E9B147100540D75 /* PBXContainerItemProxy */ = {
			isa = PBXContainerItemProxy;
			containerPortal = 1D5436E41E9B147100540D75 /* Project object */;
			proxyType = 1;
			remoteGlobalIDString = 1D5436EB1E9B147100540D75;
			remoteInfo = CoreData_test;
		};
		1D5437111E9B147100540D75 /* PBXContainerItemProxy */ = {
			isa = PBXContainerItemProxy;
			containerPortal = 1D5436E41E9B147100540D75 /* Project object */;
			proxyType = 1;
			remoteGlobalIDString = 1D5436EB1E9B147100540D75;
			remoteInfo = CoreData_test;
		};
/* End PBXContainerItemProxy section */

/* Begin PBXFileReference section */
		1D5436EC1E9B147100540D75 /* CoreData_test.app */ = {isa = PBXFileReference; explicitFileType = wrapper.application; includeInIndex = 0; path = CoreData_test.app; sourceTree = BUILT_PRODUCTS_DIR; };
		1D5436F01E9B147100540D75 /* main.m */ = {isa = PBXFileReference; lastKnownFileType = sourcecode.c.objc; path = main.m; sourceTree = "<group>"; };
		1D5436F21E9B147100540D75 /* AppDelegate.h */ = {isa = PBXFileReference; lastKnownFileType = sourcecode.c.h; path = AppDelegate.h; sourceTree = "<group>"; };
		1D5436F31E9B147100540D75 /* AppDelegate.m */ = {isa = PBXFileReference; lastKnownFileType = sourcecode.c.objc; path = AppDelegate.m; sourceTree = "<group>"; };
		1D5436F51E9B147100540D75 /* ViewController.h */ = {isa = PBXFileReference; lastKnownFileType = sourcecode.c.h; path = ViewController.h; sourceTree = "<group>"; };
		1D5436F61E9B147100540D75 /* ViewController.m */ = {isa = PBXFileReference; lastKnownFileType = sourcecode.c.objc; path = ViewController.m; sourceTree = "<group>"; };
		1D5436F91E9B147100540D75 /* Base */ = {isa = PBXFileReference; lastKnownFileType = file.storyboard; name = Base; path = Base.lproj/Main.storyboard; sourceTree = "<group>"; };
		1D5436FB1E9B147100540D75 /* Assets.xcassets */ = {isa = PBXFileReference; lastKnownFileType = folder.assetcatalog; path = Assets.xcassets; sourceTree = "<group>"; };
		1D5436FE1E9B147100540D75 /* Base */ = {isa = PBXFileReference; lastKnownFileType = file.storyboard; name = Base; path = Base.lproj/LaunchScreen.storyboard; sourceTree = "<group>"; };
		1D5437001E9B147100540D75 /* Info.plist */ = {isa = PBXFileReference; lastKnownFileType = text.plist.xml; path = Info.plist; sourceTree = "<group>"; };
		1D5437051E9B147100540D75 /* CoreData_testTests.xctest */ = {isa = PBXFileReference; explicitFileType = wrapper.cfbundle; includeInIndex = 0; path = CoreData_testTests.xctest; sourceTree = BUILT_PRODUCTS_DIR; };
		1D5437091E9B147100540D75 /* CoreData_testTests.m */ = {isa = PBXFileReference; lastKnownFileType = sourcecode.c.objc; path = CoreData_testTests.m; sourceTree = "<group>"; };
		1D54370B1E9B147100540D75 /* Info.plist */ = {isa = PBXFileReference; lastKnownFileType = text.plist.xml; path = Info.plist; sourceTree = "<group>"; };
		1D5437101E9B147100540D75 /* CoreData_testUITests.xctest */ = {isa = PBXFileReference; explicitFileType = wrapper.cfbundle; includeInIndex = 0; path = CoreData_testUITests.xctest; sourceTree = BUILT_PRODUCTS_DIR; };
		1D5437141E9B147100540D75 /* CoreData_testUITests.m */ = {isa = PBXFileReference; lastKnownFileType = sourcecode.c.objc; path = CoreData_testUITests.m; sourceTree = "<group>"; };
		1D5437161E9B147100540D75 /* Info.plist */ = {isa = PBXFileReference; lastKnownFileType = text.plist.xml; path = Info.plist; sourceTree = "<group>"; };
/* End PBXFileReference section */

/* Begin PBXFrameworksBuildPhase section */
		1D5436E91E9B147100540D75 /* Frameworks */ = {
			isa = PBXFrameworksBuildPhase;
			buildActionMask = 2147483647;
			files = (
			);
			runOnlyForDeploymentPostprocessing = 0;
		};
		1D5437021E9B147100540D75 /* Frameworks */ = {
			isa = PBXFrameworksBuildPhase;
			buildActionMask = 2147483647;
			files = (
			);
			runOnlyForDeploymentPostprocessing = 0;
		};
		1D54370D1E9B147100540D75 /* Frameworks */ = {
			isa = PBXFrameworksBuildPhase;
			buildActionMask = 2147483647;
			files = (
			);
			runOnlyForDeploymentPostprocessing = 0;
		};
/* End PBXFrameworksBuildPhase section */

/* Begin PBXGroup section */
		1D5436E31E9B147100540D75 = {
			isa = PBXGroup;
			children = (
				1D5436EE1E9B147100540D75 /* CoreData_test */,
				1D5437081E9B147100540D75 /* CoreData_testTests */,
				1D5437131E9B147100540D75 /* CoreData_testUITests */,
				1D5436ED1E9B147100540D75 /* Products */,
			);
			sourceTree = "<group>";
		};
		1D5436ED1E9B147100540D75 /* Products */ = {
			isa = PBXGroup;
			children = (
				1D5436EC1E9B147100540D75 /* CoreData_test.app */,
				1D5437051E9B147100540D75 /* CoreData_testTests.xctest */,
				1D5437101E9B147100540D75 /* CoreData_testUITests.xctest */,
			);
			name = Products;
			sourceTree = "<group>";
		};
		1D5436EE1E9B147100540D75 /* CoreData_test */ = {
			isa = PBXGroup;
			children = (
				1D5436F21E9B147100540D75 /* AppDelegate.h */,
				1D5436F31E9B147100540D75 /* AppDelegate.m */,
				1D5436F51E9B147100540D75 /* ViewController.h */,
				1D5436F61E9B147100540D75 /* ViewController.m */,
				1D5436F81E9B147100540D75 /* Main.storyboard */,
				1D5436FB1E9B147100540D75 /* Assets.xcassets */,
				1D5436FD1E9B147100540D75 /* LaunchScreen.storyboard */,
				1D5437001E9B147100540D75 /* Info.plist */,
				1D5436EF1E9B147100540D75 /* Supporting Files */,
			);
			path = CoreData_test;
			sourceTree = "<group>";
		};
		1D5436EF1E9B147100540D75 /* Supporting Files */ = {
			isa = PBXGroup;
			children = (
				1D5436F01E9B147100540D75 /* main.m */,
			);
			name = "Supporting Files";
			sourceTree = "<group>";
		};
		1D5437081E9B147100540D75 /* CoreData_testTests */ = {
			isa = PBXGroup;
			children = (
				1D5437091E9B147100540D75 /* CoreData_testTests.m */,
				1D54370B1E9B147100540D75 /* Info.plist */,
			);
			path = CoreData_testTests;
			sourceTree = "<group>";
		};
		1D5437131E9B147100540D75 /* CoreData_testUITests */ = {
			isa = PBXGroup;
			children = (
				1D5437141E9B147100540D75 /* CoreData_testUITests.m */,
				1D5437161E9B147100540D75 /* Info.plist */,
			);
			path = CoreData_testUITests;
			sourceTree = "<group>";
		};
/* End PBXGroup section */

/* Begin PBXNativeTarget section */
		1D5436EB1E9B147100540D75 /* CoreData_test */ = {
			isa = PBXNativeTarget;
			buildConfigurationList = 1D5437191E9B147100540D75 /* Build configuration list for PBXNativeTarget "CoreData_test" */;
			buildPhases = (
				1D5436E81E9B147100540D75 /* Sources */,
				1D5436E91E9B147100540D75 /* Frameworks */,
				1D5436EA1E9B147100540D75 /* Resources */,
			);
			buildRules = (
			);
			dependencies = (
			);
			name = CoreData_test;
			productName = CoreData_test;
			productReference = 1D5436EC1E9B147100540D75 /* CoreData_test.app */;
			productType = "com.apple.product-type.application";
		};
		1D5437041E9B147100540D75 /* CoreData_testTests */ = {
			isa = PBXNativeTarget;
			buildConfigurationList = 1D54371C1E9B147100540D75 /* Build configuration list for PBXNativeTarget "CoreData_testTests" */;
			buildPhases = (
				1D5437011E9B147100540D75 /* Sources */,
				1D5437021E9B147100540D75 /* Frameworks */,
				1D5437031E9B147100540D75 /* Resources */,
			);
			buildRules = (
			);
			dependencies = (
				1D5437071E9B147100540D75 /* PBXTargetDependency */,
			);
			name = CoreData_testTests;
			productName = CoreData_testTests;
			productReference = 1D5437051E9B147100540D75 /* CoreData_testTests.xctest */;
			productType = "com.apple.product-type.bundle.unit-test";
		};
		1D54370F1E9B147100540D75 /* CoreData_testUITests */ = {
			isa = PBXNativeTarget;
			buildConfigurationList = 1D54371F1E9B147100540D75 /* Build configuration list for PBXNativeTarget "CoreData_testUITests" */;
			buildPhases = (
				1D54370C1E9B147100540D75 /* Sources */,
				1D54370D1E9B147100540D75 /* Frameworks */,
				1D54370E1E9B147100540D75 /* Resources */,
			);
			buildRules = (
			);
			dependencies = (
				1D5437121E9B147100540D75 /* PBXTargetDependency */,
			);
			name = CoreData_testUITests;
			productName = CoreData_testUITests;
			productReference = 1D5437101E9B147100540D75 /* CoreData_testUITests.xctest */;
			productType = "com.apple.product-type.bundle.ui-testing";
		};
/* End PBXNativeTarget section */

/* Begin PBXProject section */
		1D5436E41E9B147100540D75 /* Project object */ = {
			isa = PBXProject;
			attributes = {
				LastUpgradeCheck = 0730;
				ORGANIZATIONNAME = "鹏 刘";
				TargetAttributes = {
					1D5436EB1E9B147100540D75 = {
						CreatedOnToolsVersion = 7.3;
						DevelopmentTeam = M2S6NN7DP8;
					};
					1D5437041E9B147100540D75 = {
						CreatedOnToolsVersion = 7.3;
						DevelopmentTeam = M2S6NN7DP8;
						TestTargetID = 1D5436EB1E9B147100540D75;
					};
					1D54370F1E9B147100540D75 = {
						CreatedOnToolsVersion = 7.3;
						DevelopmentTeam = M2S6NN7DP8;
						TestTargetID = 1D5436EB1E9B147100540D75;
					};
				};
			};
			buildConfigurationList = 1D5436E71E9B147100540D75 /* Build configuration list for PBXProject "CoreData_test" */;
			compatibilityVersion = "Xcode 3.2";
			developmentRegion = English;
			hasScannedForEncodings = 0;
			knownRegions = (
				en,
				Base,
			);
			mainGroup = 1D5436E31E9B147100540D75;
			productRefGroup = 1D5436ED1E9B147100540D75 /* Products */;
			projectDirPath = "";
			projectRoot = "";
			targets = (
				1D5436EB1E9B147100540D75 /* CoreData_test */,
				1D5437041E9B147100540D75 /* CoreData_testTests */,
				1D54370F1E9B147100540D75 /* CoreData_testUITests */,
			);
		};
/* End PBXProject section */

/* Begin PBXResourcesBuildPhase section */
		1D5436EA1E9B147100540D75 /* Resources */ = {
			isa = PBXResourcesBuildPhase;
			buildActionMask = 2147483647;
			files = (
				1D5436FF1E9B147100540D75 /* LaunchScreen.storyboard in Resources */,
				1D5436FC1E9B147100540D75 /* Assets.xcassets in Resources */,
				1D5436FA1E9B147100540D75 /* Main.storyboard in Resources */,
			);
			runOnlyForDeploymentPostprocessing = 0;
		};
		1D5437031E9B147100540D75 /* Resources */ = {
			isa = PBXResourcesBuildPhase;
			buildActionMask = 2147483647;
			files = (
			);
			runOnlyForDeploymentPostprocessing = 0;
		};
		1D54370E1E9B147100540D75 /* Resources */ = {
			isa = PBXResourcesBuildPhase;
			buildActionMask = 2147483647;
			files = (
			);
			runOnlyForDeploymentPostprocessing = 0;
		};
/* End PBXResourcesBuildPhase section */

/* Begin PBXSourcesBuildPhase section */
		1D5436E81E9B147100540D75 /* Sources */ = {
			isa = PBXSourcesBuildPhase;
			buildActionMask = 2147483647;
			files = (
				1D5436F71E9B147100540D75 /* ViewController.m in Sources */,
				1D5436F41E9B147100540D75 /* AppDelegate.m in Sources */,
				1D5436F11E9B147100540D75 /* main.m in Sources */,
			);
			runOnlyForDeploymentPostprocessing = 0;
		};
		1D5437011E9B147100540D75 /* Sources */ = {
			isa = PBXSourcesBuildPhase;
			buildActionMask = 2147483647;
			files = (
				1D54370A1E9B147100540D75 /* CoreData_testTests.m in Sources */,
			);
			runOnlyForDeploymentPostprocessing = 0;
		};
		1D54370C1E9B147100540D75 /* Sources */ = {
			isa = PBXSourcesBuildPhase;
			buildActionMask = 2147483647;
			files = (
				1D5437151E9B147100540D75 /* CoreData_testUITests.m in Sources */,
			);
			runOnlyForDeploymentPostprocessing = 0;
		};
/* End PBXSourcesBuildPhase section */

/* Begin PBXTargetDependency section */
		1D5437071E9B147100540D75 /* PBXTargetDependency */ = {
			isa = PBXTargetDependency;
			target = 1D5436EB1E9B147100540D75 /* CoreData_test */;
			targetProxy = 1D5437061E9B147100540D75 /* PBXContainerItemProxy */;
		};
		1D5437121E9B147100540D75 /* PBXTargetDependency */ = {
			isa = PBXTargetDependency;
			target = 1D5436EB1E9B147100540D75 /* CoreData_test */;
			targetProxy = 1D5437111E9B147100540D75 /* PBXContainerItemProxy */;
		};
/* End PBXTargetDependency section */

/* Begin PBXVariantGroup section */
		1D5436F81E9B147100540D75 /* Main.storyboard */ = {
			isa = PBXVariantGroup;
			children = (
				1D5436F91E9B147100540D75 /* Base */,
			);
			name = Main.storyboard;
			sourceTree = "<group>";
		};
		1D5436FD1E9B147100540D75 /* LaunchScreen.storyboard */ = {
			isa = PBXVariantGroup;
			children = (
				1D5436FE1E9B147100540D75 /* Base */,
			);
			name = LaunchScreen.storyboard;
			sourceTree = "<group>";
		};
/* End PBXVariantGroup section */

/* Begin XCBuildConfiguration section */
		1D5437171E9B147100540D75 /* Debug */ = {
			isa = XCBuildConfiguration;
			buildSettings = {
				ALWAYS_SEARCH_USER_PATHS = NO;
				CLANG_ANALYZER_NONNULL = YES;
				CLANG_CXX_LANGUAGE_STANDARD = "gnu++0x";
				CLANG_CXX_LIBRARY = "libc++";
				CLANG_ENABLE_MODULES = YES;
				CLANG_ENABLE_OBJC_ARC = YES;
				CLANG_WARN_BOOL_CONVERSION = YES;
				CLANG_WARN_CONSTANT_CONVERSION = YES;
				CLANG_WARN_DIRECT_OBJC_ISA_USAGE = YES_ERROR;
				CLANG_WARN_EMPTY_BODY = YES;
				CLANG_WARN_ENUM_CONVERSION = YES;
				CLANG_WARN_INT_CONVERSION = YES;
				CLANG_WARN_OBJC_ROOT_CLASS = YES_ERROR;
				CLANG_WARN_UNREACHABLE_CODE = YES;
				CLANG_WARN__DUPLICATE_METHOD_MATCH = YES;
				"CODE_SIGN_IDENTITY[sdk=iphoneos*]" = "iPhone Developer";
				COPY_PHASE_STRIP = NO;
				DEBUG_INFORMATION_FORMAT = dwarf;
				ENABLE_STRICT_OBJC_MSGSEND = YES;
				ENABLE_TESTABILITY = YES;
				GCC_C_LANGUAGE_STANDARD = gnu99;
				GCC_DYNAMIC_NO_PIC = NO;
				GCC_NO_COMMON_BLOCKS = YES;
				GCC_OPTIMIZATION_LEVEL = 0;
				GCC_PREPROCESSOR_DEFINITIONS = (
					"DEBUG=1",
					"$(inherited)",
				);
				GCC_WARN_64_TO_32_BIT_CONVERSION = YES;
				GCC_WARN_ABOUT_RETURN_TYPE = YES_ERROR;
				GCC_WARN_UNDECLARED_SELECTOR = YES;
				GCC_WARN_UNINITIALIZED_AUTOS = YES_AGGRESSIVE;
				GCC_WARN_UNUSED_FUNCTION = YES;
				GCC_WARN_UNUSED_VARIABLE = YES;
				IPHONEOS_DEPLOYMENT_TARGET = 9.3;
				MTL_ENABLE_DEBUG_INFO = YES;
				ONLY_ACTIVE_ARCH = YES;
				SDKROOT = iphoneos;
			};
			name = Debug;
		};
		1D5437181E9B147100540D75 /* Release */ = {
			isa = XCBuildConfiguration;
			buildSettings = {
				ALWAYS_SEARCH_USER_PATHS = NO;
				CLANG_ANALYZER_NONNULL = YES;
				CLANG_CXX_LANGUAGE_STANDARD = "gnu++0x";
				CLANG_CXX_LIBRARY = "libc++";
				CLANG_ENABLE_MODULES = YES;
				CLANG_ENABLE_OBJC_ARC = YES;
				CLANG_WARN_BOOL_CONVERSION = YES;
				CLANG_WARN_CONSTANT_CONVERSION = YES;
				CLANG_WARN_DIRECT_OBJC_ISA_USAGE = YES_ERROR;
				CLANG_WARN_EMPTY_BODY = YES;
				CLANG_WARN_ENUM_CONVERSION = YES;
				CLANG_WARN_INT_CONVERSION = YES;
				CLANG_WARN_OBJC_ROOT_CLASS = YES_ERROR;
				CLANG_WARN_UNREACHABLE_CODE = YES;
				CLANG_WARN__DUPLICATE_METHOD_MATCH = YES;
				"CODE_SIGN_IDENTITY[sdk=iphoneos*]" = "iPhone Developer";
				COPY_PHASE_STRIP = NO;
				DEBUG_INFORMATION_FORMAT = "dwarf-with-dsym";
				ENABLE_NS_ASSERTIONS = NO;
				ENABLE_STRICT_OBJC_MSGSEND = YES;
				GCC_C_LANGUAGE_STANDARD = gnu99;
				GCC_NO_COMMON_BLOCKS = YES;
				GCC_WARN_64_TO_32_BIT_CONVERSION = YES;
				GCC_WARN_ABOUT_RETURN_TYPE = YES_ERROR;
				GCC_WARN_UNDECLARED_SELECTOR = YES;
				GCC_WARN_UNINITIALIZED_AUTOS = YES_AGGRESSIVE;
				GCC_WARN_UNUSED_FUNCTION = YES;
				GCC_WARN_UNUSED_VARIABLE = YES;
				IPHONEOS_DEPLOYMENT_TARGET = 9.3;
				MTL_ENABLE_DEBUG_INFO = NO;
				SDKROOT = iphoneos;
				VALIDATE_PRODUCT = YES;
			};
			name = Release;
		};
		1D54371A1E9B147100540D75 /* Debug */ = {
			isa = XCBuildConfiguration;
			buildSettings = {
				ASSETCATALOG_COMPILER_APPICON_NAME = AppIcon;
				INFOPLIST_FILE = CoreData_test/Info.plist;
				LD_RUNPATH_SEARCH_PATHS = "$(inherited) @executable_path/Frameworks";
				PRODUCT_BUNDLE_IDENTIFIER = "ios.CoreData-test";
				PRODUCT_NAME = "$(TARGET_NAME)";
			};
			name = Debug;
		};
		1D54371B1E9B147100540D75 /* Release */ = {
			isa = XCBuildConfiguration;
			buildSettings = {
				ASSETCATALOG_COMPILER_APPICON_NAME = AppIcon;
				INFOPLIST_FILE = CoreData_test/Info.plist;
				LD_RUNPATH_SEARCH_PATHS = "$(inherited) @executable_path/Frameworks";
				PRODUCT_BUNDLE_IDENTIFIER = "ios.CoreData-test";
				PRODUCT_NAME = "$(TARGET_NAME)";
			};
			name = Release;
		};
		1D54371D1E9B147100540D75 /* Debug */ = {
			isa = XCBuildConfiguration;
			buildSettings = {
				BUNDLE_LOADER = "$(TEST_HOST)";
				INFOPLIST_FILE = CoreData_testTests/Info.plist;
				LD_RUNPATH_SEARCH_PATHS = "$(inherited) @executable_path/Frameworks @loader_path/Frameworks";
				PRODUCT_BUNDLE_IDENTIFIER = "ios.CoreData-testTests";
				PRODUCT_NAME = "$(TARGET_NAME)";
				TEST_HOST = "$(BUILT_PRODUCTS_DIR)/CoreData_test.app/CoreData_test";
			};
			name = Debug;
		};
		1D54371E1E9B147100540D75 /* Release */ = {
			isa = XCBuildConfiguration;
			buildSettings = {
				BUNDLE_LOADER = "$(TEST_HOST)";
				INFOPLIST_FILE = CoreData_testTests/Info.plist;
				LD_RUNPATH_SEARCH_PATHS = "$(inherited) @executable_path/Frameworks @loader_path/Frameworks";
				PRODUCT_BUNDLE_IDENTIFIER = "ios.CoreData-testTests";
				PRODUCT_NAME = "$(TARGET_NAME)";
				TEST_HOST = "$(BUILT_PRODUCTS_DIR)/CoreData_test.app/CoreData_test";
			};
			name = Release;
		};
		1D5437201E9B147100540D75 /* Debug */ = {
			isa = XCBuildConfiguration;
			buildSettings = {
				INFOPLIST_FILE = CoreData_testUITests/Info.plist;
				LD_RUNPATH_SEARCH_PATHS = "$(inherited) @executable_path/Frameworks @loader_path/Frameworks";
				PRODUCT_BUNDLE_IDENTIFIER = "ios.CoreData-testUITests";
				PRODUCT_NAME = "$(TARGET_NAME)";
				TEST_TARGET_NAME = CoreData_test;
			};
			name = Debug;
		};
		1D5437211E9B147100540D75 /* Release */ = {
			isa = XCBuildConfiguration;
			buildSettings = {
				INFOPLIST_FILE = CoreData_testUITests/Info.plist;
				LD_RUNPATH_SEARCH_PATHS = "$(inherited) @executable_path/Frameworks @loader_path/Frameworks";
				PRODUCT_BUNDLE_IDENTIFIER = "ios.CoreData-testUITests";
				PRODUCT_NAME = "$(TARGET_NAME)";
				TEST_TARGET_NAME = CoreData_test;
			};
			name = Release;
		};
/* End XCBuildConfiguration section */

/* Begin XCConfigurationList section */
		1D5436E71E9B147100540D75 /* Build configuration list for PBXProject "CoreData_test" */ = {
			isa = XCConfigurationList;
			buildConfigurations = (
				1D5437171E9B147100540D75 /* Debug */,
				1D5437181E9B147100540D75 /* Release */,
			);
			defaultConfigurationIsVisible = 0;
			defaultConfigurationName = Release;
		};
		1D5437191E9B147100540D75 /* Build configuration list for PBXNativeTarget "CoreData_test" */ = {
			isa = XCConfigurationList;
			buildConfigurations = (
				1D54371A1E9B147100540D75 /* Debug */,
				1D54371B1E9B147100540D75 /* Release */,
			);
			defaultConfigurationIsVisible = 0;
		};
		1D54371C1E9B147100540D75 /* Build configuration list for PBXNativeTarget "CoreData_testTests" */ = {
			isa = XCConfigurationList;
			buildConfigurations = (
				1D54371D1E9B147100540D75 /* Debug */,
				1D54371E1E9B147100540D75 /* Release */,
			);
			defaultConfigurationIsVisible = 0;
		};
		1D54371F1E9B147100540D75 /* Build configuration list for PBXNativeTarget "CoreData_testUITests" */ = {
			isa = XCConfigurationList;
			buildConfigurations = (
				1D5437201E9B147100540D75 /* Debug */,
				1D5437211E9B147100540D75 /* Release */,
			);
			defaultConfigurationIsVisible = 0;
		};
/* End XCConfigurationList section */
	};
	rootObject = 1D5436E41E9B147100540D75 /* Project object */;
}
